{
    "name": "ts-react-functional-component-snippet",
    "version": "0.2.1",
    "lockfileVersion": 2,
    "requires": true,
    "packages": {
        "": {
            "name": "ts-react-functional-component-snippet",
            "version": "0.2.1",
            "license": "MIT",
            "engines": {
                "vscode": "^1.63.0"
            }
        }
    }
}
